// !$*UTF8*$!
{
	archiveVersion = 1;
	classes = {
	};
	objectVersion = 56;
	objects = {

/* Begin PBXBuildFile section */
		63E94E372B47F93500203A1A /* AppDelegate.swift in Sources */ = {isa = PBXBuildFile; fileRef = 63E94E362B47F93500203A1A /* AppDelegate.swift */; };
		63E94E392B47F93500203A1A /* SceneDelegate.swift in Sources */ = {isa = PBXBuildFile; fileRef = 63E94E382B47F93500203A1A /* SceneDelegate.swift */; };
		63E94E3E2B47F93500203A1A /* Main.storyboard in Resources */ = {isa = PBXBuildFile; fileRef = 63E94E3C2B47F93500203A1A /* Main.storyboard */; };
		63E94E402B47F93700203A1A /* Assets.xcassets in Resources */ = {isa = PBXBuildFile; fileRef = 63E94E3F2B47F93700203A1A /* Assets.xcassets */; };
		63E94E432B47F93700203A1A /* LaunchScreen.storyboard in Resources */ = {isa = PBXBuildFile; fileRef = 63E94E412B47F93700203A1A /* LaunchScreen.storyboard */; };
		63E94E4B2B47F99500203A1A /* TableViewController.swift in Sources */ = {isa = PBXBuildFile; fileRef = 63E94E4A2B47F99500203A1A /* TableViewController.swift */; };
		63E94E4D2B47FD8C00203A1A /* ModelNotification.swift in Sources */ = {isa = PBXBuildFile; fileRef = 63E94E4C2B47FD8C00203A1A /* ModelNotification.swift */; };
		63E94E4F2B480A6E00203A1A /* Notifications.swift in Sources */ = {isa = PBXBuildFile; fileRef = 63E94E4E2B480A6E00203A1A /* Notifications.swift */; };
		63E94E532B480E5E00203A1A /* favicon.png in Resources */ = {isa = PBXBuildFile; fileRef = 63E94E522B480E5E00203A1A /* favicon.png */; };
		63E94E552B481A4000203A1A /* GoogleService-Info.plist in Resources */ = {isa = PBXBuildFile; fileRef = 63E94E542B481A4000203A1A /* GoogleService-Info.plist */; };
		63E94E582B481A9D00203A1A /* FirebaseAnalytics in Frameworks */ = {isa = PBXBuildFile; productRef = 63E94E572B481A9D00203A1A /* FirebaseAnalytics */; };
		63E94E5A2B481A9D00203A1A /* FirebaseAnalyticsOnDeviceConversion in Frameworks */ = {isa = PBXBuildFile; productRef = 63E94E592B481A9D00203A1A /* FirebaseAnalyticsOnDeviceConversion */; };
		63E94E5C2B481A9D00203A1A /* FirebaseAnalyticsSwift in Frameworks */ = {isa = PBXBuildFile; productRef = 63E94E5B2B481A9D00203A1A /* FirebaseAnalyticsSwift */; };
		63E94E5E2B481A9D00203A1A /* FirebaseAnalyticsWithoutAdIdSupport in Frameworks */ = {isa = PBXBuildFile; productRef = 63E94E5D2B481A9D00203A1A /* FirebaseAnalyticsWithoutAdIdSupport */; };
		63E94E602B481A9D00203A1A /* FirebaseAppCheck in Frameworks */ = {isa = PBXBuildFile; productRef = 63E94E5F2B481A9D00203A1A /* FirebaseAppCheck */; };
		63E94E622B481A9D00203A1A /* FirebaseAppDistribution-Beta in Frameworks */ = {isa = PBXBuildFile; productRef = 63E94E612B481A9D00203A1A /* FirebaseAppDistribution-Beta */; };
		63E94E642B481A9D00203A1A /* FirebaseAuth in Frameworks */ = {isa = PBXBuildFile; productRef = 63E94E632B481A9D00203A1A /* FirebaseAuth */; };
		63E94E662B481A9D00203A1A /* FirebaseAuthCombine-Community in Frameworks */ = {isa = PBXBuildFile; productRef = 63E94E652B481A9D00203A1A /* FirebaseAuthCombine-Community */; };
		63E94E682B481A9D00203A1A /* FirebaseCrashlytics in Frameworks */ = {isa = PBXBuildFile; productRef = 63E94E672B481A9D00203A1A /* FirebaseCrashlytics */; };
		63E94E6A2B481A9D00203A1A /* FirebaseDatabase in Frameworks */ = {isa = PBXBuildFile; productRef = 63E94E692B481A9D00203A1A /* FirebaseDatabase */; };
		63E94E6C2B481A9D00203A1A /* FirebaseDatabaseSwift in Frameworks */ = {isa = PBXBuildFile; productRef = 63E94E6B2B481A9D00203A1A /* FirebaseDatabaseSwift */; };
		63E94E6E2B481A9D00203A1A /* FirebaseDynamicLinks in Frameworks */ = {isa = PBXBuildFile; productRef = 63E94E6D2B481A9D00203A1A /* FirebaseDynamicLinks */; };
		63E94E702B481A9D00203A1A /* FirebaseFirestore in Frameworks */ = {isa = PBXBuildFile; productRef = 63E94E6F2B481A9D00203A1A /* FirebaseFirestore */; };
		63E94E722B481A9D00203A1A /* FirebaseFirestoreCombine-Community in Frameworks */ = {isa = PBXBuildFile; productRef = 63E94E712B481A9D00203A1A /* FirebaseFirestoreCombine-Community */; };
		63E94E742B481A9D00203A1A /* FirebaseFirestoreSwift in Frameworks */ = {isa = PBXBuildFile; productRef = 63E94E732B481A9D00203A1A /* FirebaseFirestoreSwift */; };
		63E94E762B481A9D00203A1A /* FirebaseFunctions in Frameworks */ = {isa = PBXBuildFile; productRef = 63E94E752B481A9D00203A1A /* FirebaseFunctions */; };
		63E94E782B481A9D00203A1A /* FirebaseFunctionsCombine-Community in Frameworks */ = {isa = PBXBuildFile; productRef = 63E94E772B481A9D00203A1A /* FirebaseFunctionsCombine-Community */; };
		63E94E7A2B481A9D00203A1A /* FirebaseInAppMessaging-Beta in Frameworks */ = {isa = PBXBuildFile; productRef = 63E94E792B481A9D00203A1A /* FirebaseInAppMessaging-Beta */; };
		63E94E7C2B481A9D00203A1A /* FirebaseInAppMessagingSwift-Beta in Frameworks */ = {isa = PBXBuildFile; productRef = 63E94E7B2B481A9D00203A1A /* FirebaseInAppMessagingSwift-Beta */; };
		63E94E7E2B481A9D00203A1A /* FirebaseInstallations in Frameworks */ = {isa = PBXBuildFile; productRef = 63E94E7D2B481A9D00203A1A /* FirebaseInstallations */; };
		63E94E802B481A9D00203A1A /* FirebaseMLModelDownloader in Frameworks */ = {isa = PBXBuildFile; productRef = 63E94E7F2B481A9D00203A1A /* FirebaseMLModelDownloader */; };
		63E94E822B481A9D00203A1A /* FirebaseMessaging in Frameworks */ = {isa = PBXBuildFile; productRef = 63E94E812B481A9D00203A1A /* FirebaseMessaging */; };
		63E94E842B481A9D00203A1A /* FirebasePerformance in Frameworks */ = {isa = PBXBuildFile; productRef = 63E94E832B481A9D00203A1A /* FirebasePerformance */; };
		63E94E862B481A9D00203A1A /* FirebaseRemoteConfig in Frameworks */ = {isa = PBXBuildFile; productRef = 63E94E852B481A9D00203A1A /* FirebaseRemoteConfig */; };
		63E94E882B481A9D00203A1A /* FirebaseRemoteConfigSwift in Frameworks */ = {isa = PBXBuildFile; productRef = 63E94E872B481A9D00203A1A /* FirebaseRemoteConfigSwift */; };
		63E94E8A2B481A9D00203A1A /* FirebaseStorage in Frameworks */ = {isa = PBXBuildFile; productRef = 63E94E892B481A9D00203A1A /* FirebaseStorage */; };
		63E94E8C2B481A9D00203A1A /* FirebaseStorageCombine-Community in Frameworks */ = {isa = PBXBuildFile; productRef = 63E94E8B2B481A9D00203A1A /* FirebaseStorageCombine-Community */; };
/* End PBXBuildFile section */

/* Begin PBXFileReference section */
		63E94E332B47F93500203A1A /* NotificationApp.app */ = {isa = PBXFileReference; explicitFileType = wrapper.application; includeInIndex = 0; path = NotificationApp.app; sourceTree = BUILT_PRODUCTS_DIR; };
		63E94E362B47F93500203A1A /* AppDelegate.swift */ = {isa = PBXFileReference; lastKnownFileType = sourcecode.swift; path = AppDelegate.swift; sourceTree = "<group>"; };
		63E94E382B47F93500203A1A /* SceneDelegate.swift */ = {isa = PBXFileReference; lastKnownFileType = sourcecode.swift; path = SceneDelegate.swift; sourceTree = "<group>"; };
		63E94E3D2B47F93500203A1A /* Base */ = {isa = PBXFileReference; lastKnownFileType = file.storyboard; name = Base; path = Base.lproj/Main.storyboard; sourceTree = "<group>"; };
		63E94E3F2B47F93700203A1A /* Assets.xcassets */ = {isa = PBXFileReference; lastKnownFileType = folder.assetcatalog; path = Assets.xcassets; sourceTree = "<group>"; };
		63E94E422B47F93700203A1A /* Base */ = {isa = PBXFileReference; lastKnownFileType = file.storyboard; name = Base; path = Base.lproj/LaunchScreen.storyboard; sourceTree = "<group>"; };
		63E94E442B47F93700203A1A /* Info.plist */ = {isa = PBXFileReference; lastKnownFileType = text.plist.xml; path = Info.plist; sourceTree = "<group>"; };
		63E94E4A2B47F99500203A1A /* TableViewController.swift */ = {isa = PBXFileReference; lastKnownFileType = sourcecode.swift; path = TableViewController.swift; sourceTree = "<group>"; };
		63E94E4C2B47FD8C00203A1A /* ModelNotification.swift */ = {isa = PBXFileReference; lastKnownFileType = sourcecode.swift; path = ModelNotification.swift; sourceTree = "<group>"; };
		63E94E4E2B480A6E00203A1A /* Notifications.swift */ = {isa = PBXFileReference; lastKnownFileType = sourcecode.swift; path = Notifications.swift; sourceTree = "<group>"; };
		63E94E522B480E5E00203A1A /* favicon.png */ = {isa = PBXFileReference; lastKnownFileType = image.png; path = favicon.png; sourceTree = "<group>"; };
		63E94E542B481A4000203A1A /* GoogleService-Info.plist */ = {isa = PBXFileReference; fileEncoding = 4; lastKnownFileType = text.plist.xml; name = "GoogleService-Info.plist"; path = "../../GoogleService-Info.plist"; sourceTree = "<group>"; };
/* End PBXFileReference section */

/* Begin PBXFrameworksBuildPhase section */
		63E94E302B47F93500203A1A /* Frameworks */ = {
			isa = PBXFrameworksBuildPhase;
			buildActionMask = 2147483647;
			files = (
				63E94E6A2B481A9D00203A1A /* FirebaseDatabase in Frameworks */,
				63E94E782B481A9D00203A1A /* FirebaseFunctionsCombine-Community in Frameworks */,
				63E94E702B481A9D00203A1A /* FirebaseFirestore in Frameworks */,
				63E94E5C2B481A9D00203A1A /* FirebaseAnalyticsSwift in Frameworks */,
				63E94E582B481A9D00203A1A /* FirebaseAnalytics in Frameworks */,
				63E94E5A2B481A9D00203A1A /* FirebaseAnalyticsOnDeviceConversion in Frameworks */,
				63E94E802B481A9D00203A1A /* FirebaseMLModelDownloader in Frameworks */,
				63E94E742B481A9D00203A1A /* FirebaseFirestoreSwift in Frameworks */,
				63E94E602B481A9D00203A1A /* FirebaseAppCheck in Frameworks */,
				63E94E5E2B481A9D00203A1A /* FirebaseAnalyticsWithoutAdIdSupport in Frameworks */,
				63E94E642B481A9D00203A1A /* FirebaseAuth in Frameworks */,
				63E94E682B481A9D00203A1A /* FirebaseCrashlytics in Frameworks */,
				63E94E882B481A9D00203A1A /* FirebaseRemoteConfigSwift in Frameworks */,
				63E94E7A2B481A9D00203A1A /* FirebaseInAppMessaging-Beta in Frameworks */,
				63E94E6C2B481A9D00203A1A /* FirebaseDatabaseSwift in Frameworks */,
				63E94E762B481A9D00203A1A /* FirebaseFunctions in Frameworks */,
				63E94E8C2B481A9D00203A1A /* FirebaseStorageCombine-Community in Frameworks */,
				63E94E862B481A9D00203A1A /* FirebaseRemoteConfig in Frameworks */,
				63E94E622B481A9D00203A1A /* FirebaseAppDistribution-Beta in Frameworks */,
				63E94E662B481A9D00203A1A /* FirebaseAuthCombine-Community in Frameworks */,
				63E94E842B481A9D00203A1A /* FirebasePerformance in Frameworks */,
				63E94E7C2B481A9D00203A1A /* FirebaseInAppMessagingSwift-Beta in Frameworks */,
				63E94E8A2B481A9D00203A1A /* FirebaseStorage in Frameworks */,
				63E94E6E2B481A9D00203A1A /* FirebaseDynamicLinks in Frameworks */,
				63E94E722B481A9D00203A1A /* FirebaseFirestoreCombine-Community in Frameworks */,
				63E94E822B481A9D00203A1A /* FirebaseMessaging in Frameworks */,
				63E94E7E2B481A9D00203A1A /* FirebaseInstallations in Frameworks */,
			);
			runOnlyForDeploymentPostprocessing = 0;
		};
/* End PBXFrameworksBuildPhase section */

/* Begin PBXGroup section */
		63E94E2A2B47F93500203A1A = {
			isa = PBXGroup;
			children = (
				63E94E352B47F93500203A1A /* NotificationApp */,
				63E94E342B47F93500203A1A /* Products */,
			);
			sourceTree = "<group>";
		};
		63E94E342B47F93500203A1A /* Products */ = {
			isa = PBXGroup;
			children = (
				63E94E332B47F93500203A1A /* NotificationApp.app */,
			);
			name = Products;
			sourceTree = "<group>";
		};
		63E94E352B47F93500203A1A /* NotificationApp */ = {
			isa = PBXGroup;
			children = (
				63E94E362B47F93500203A1A /* AppDelegate.swift */,
				63E94E382B47F93500203A1A /* SceneDelegate.swift */,
				63E94E4C2B47FD8C00203A1A /* ModelNotification.swift */,
				63E94E4E2B480A6E00203A1A /* Notifications.swift */,
				63E94E4A2B47F99500203A1A /* TableViewController.swift */,
				63E94E3C2B47F93500203A1A /* Main.storyboard */,
				63E94E3F2B47F93700203A1A /* Assets.xcassets */,
				63E94E412B47F93700203A1A /* LaunchScreen.storyboard */,
				63E94E522B480E5E00203A1A /* favicon.png */,
				63E94E542B481A4000203A1A /* GoogleService-Info.plist */,
				63E94E442B47F93700203A1A /* Info.plist */,
			);
			path = NotificationApp;
			sourceTree = "<group>";
		};
/* End PBXGroup section */

/* Begin PBXNativeTarget section */
		63E94E322B47F93500203A1A /* NotificationApp */ = {
			isa = PBXNativeTarget;
			buildConfigurationList = 63E94E472B47F93700203A1A /* Build configuration list for PBXNativeTarget "NotificationApp" */;
			buildPhases = (
				63E94E2F2B47F93500203A1A /* Sources */,
				63E94E302B47F93500203A1A /* Frameworks */,
				63E94E312B47F93500203A1A /* Resources */,
			);
			buildRules = (
			);
			dependencies = (
			);
			name = NotificationApp;
			packageProductDependencies = (
				63E94E572B481A9D00203A1A /* FirebaseAnalytics */,
				63E94E592B481A9D00203A1A /* FirebaseAnalyticsOnDeviceConversion */,
				63E94E5B2B481A9D00203A1A /* FirebaseAnalyticsSwift */,
				63E94E5D2B481A9D00203A1A /* FirebaseAnalyticsWithoutAdIdSupport */,
				63E94E5F2B481A9D00203A1A /* FirebaseAppCheck */,
				63E94E612B481A9D00203A1A /* FirebaseAppDistribution-Beta */,
				63E94E632B481A9D00203A1A /* FirebaseAuth */,
				63E94E652B481A9D00203A1A /* FirebaseAuthCombine-Community */,
				63E94E672B481A9D00203A1A /* FirebaseCrashlytics */,
				63E94E692B481A9D00203A1A /* FirebaseDatabase */,
				63E94E6B2B481A9D00203A1A /* FirebaseDatabaseSwift */,
				63E94E6D2B481A9D00203A1A /* FirebaseDynamicLinks */,
				63E94E6F2B481A9D00203A1A /* FirebaseFirestore */,
				63E94E712B481A9D00203A1A /* FirebaseFirestoreCombine-Community */,
				63E94E732B481A9D00203A1A /* FirebaseFirestoreSwift */,
				63E94E752B481A9D00203A1A /* FirebaseFunctions */,
				63E94E772B481A9D00203A1A /* FirebaseFunctionsCombine-Community */,
				63E94E792B481A9D00203A1A /* FirebaseInAppMessaging-Beta */,
				63E94E7B2B481A9D00203A1A /* FirebaseInAppMessagingSwift-Beta */,
				63E94E7D2B481A9D00203A1A /* FirebaseInstallations */,
				63E94E7F2B481A9D00203A1A /* FirebaseMLModelDownloader */,
				63E94E812B481A9D00203A1A /* FirebaseMessaging */,
				63E94E832B481A9D00203A1A /* FirebasePerformance */,
				63E94E852B481A9D00203A1A /* FirebaseRemoteConfig */,
				63E94E872B481A9D00203A1A /* FirebaseRemoteConfigSwift */,
				63E94E892B481A9D00203A1A /* FirebaseStorage */,
				63E94E8B2B481A9D00203A1A /* FirebaseStorageCombine-Community */,
			);
			productName = NotificationApp;
			productReference = 63E94E332B47F93500203A1A /* NotificationApp.app */;
			productType = "com.apple.product-type.application";
		};
/* End PBXNativeTarget section */

/* Begin PBXProject section */
		63E94E2B2B47F93500203A1A /* Project object */ = {
			isa = PBXProject;
			attributes = {
				BuildIndependentTargetsInParallel = 1;
				LastSwiftUpdateCheck = 1510;
				LastUpgradeCheck = 1510;
				TargetAttributes = {
					63E94E322B47F93500203A1A = {
						CreatedOnToolsVersion = 15.1;
					};
				};
			};
			buildConfigurationList = 63E94E2E2B47F93500203A1A /* Build configuration list for PBXProject "NotificationApp" */;
			compatibilityVersion = "Xcode 14.0";
			developmentRegion = en;
			hasScannedForEncodings = 0;
			knownRegions = (
				en,
				Base,
			);
			mainGroup = 63E94E2A2B47F93500203A1A;
			packageReferences = (
				63E94E562B481A9D00203A1A /* XCRemoteSwiftPackageReference "firebase-ios-sdk" */,
			);
			productRefGroup = 63E94E342B47F93500203A1A /* Products */;
			projectDirPath = "";
			projectRoot = "";
			targets = (
				63E94E322B47F93500203A1A /* NotificationApp */,
			);
		};
/* End PBXProject section */

/* Begin PBXResourcesBuildPhase section */
		63E94E312B47F93500203A1A /* Resources */ = {
			isa = PBXResourcesBuildPhase;
			buildActionMask = 2147483647;
			files = (
				63E94E532B480E5E00203A1A /* favicon.png in Resources */,
				63E94E432B47F93700203A1A /* LaunchScreen.storyboard in Resources */,
				63E94E552B481A4000203A1A /* GoogleService-Info.plist in Resources */,
				63E94E402B47F93700203A1A /* Assets.xcassets in Resources */,
				63E94E3E2B47F93500203A1A /* Main.storyboard in Resources */,
			);
			runOnlyForDeploymentPostprocessing = 0;
		};
/* End PBXResourcesBuildPhase section */

/* Begin PBXSourcesBuildPhase section */
		63E94E2F2B47F93500203A1A /* Sources */ = {
			isa = PBXSourcesBuildPhase;
			buildActionMask = 2147483647;
			files = (
				63E94E4F2B480A6E00203A1A /* Notifications.swift in Sources */,
				63E94E372B47F93500203A1A /* AppDelegate.swift in Sources */,
				63E94E4B2B47F99500203A1A /* TableViewController.swift in Sources */,
				63E94E4D2B47FD8C00203A1A /* ModelNotification.swift in Sources */,
				63E94E392B47F93500203A1A /* SceneDelegate.swift in Sources */,
			);
			runOnlyForDeploymentPostprocessing = 0;
		};
/* End PBXSourcesBuildPhase section */

/* Begin PBXVariantGroup section */
		63E94E3C2B47F93500203A1A /* Main.storyboard */ = {
			isa = PBXVariantGroup;
			children = (
				63E94E3D2B47F93500203A1A /* Base */,
			);
			name = Main.storyboard;
			sourceTree = "<group>";
		};
		63E94E412B47F93700203A1A /* LaunchScreen.storyboard */ = {
			isa = PBXVariantGroup;
			children = (
				63E94E422B47F93700203A1A /* Base */,
			);
			name = LaunchScreen.storyboard;
			sourceTree = "<group>";
		};
/* End PBXVariantGroup section */

/* Begin XCBuildConfiguration section */
		63E94E452B47F93700203A1A /* Debug */ = {
			isa = XCBuildConfiguration;
			buildSettings = {
				ALWAYS_SEARCH_USER_PATHS = NO;
				ASSETCATALOG_COMPILER_GENERATE_SWIFT_ASSET_SYMBOL_EXTENSIONS = YES;
				CLANG_ANALYZER_NONNULL = YES;
				CLANG_ANALYZER_NUMBER_OBJECT_CONVERSION = YES_AGGRESSIVE;
				CLANG_CXX_LANGUAGE_STANDARD = "gnu++20";
				CLANG_ENABLE_MODULES = YES;
				CLANG_ENABLE_OBJC_ARC = YES;
				CLANG_ENABLE_OBJC_WEAK = YES;
				CLANG_WARN_BLOCK_CAPTURE_AUTORELEASING = YES;
				CLANG_WARN_BOOL_CONVERSION = YES;
				CLANG_WARN_COMMA = YES;
				CLANG_WARN_CONSTANT_CONVERSION = YES;
				CLANG_WARN_DEPRECATED_OBJC_IMPLEMENTATIONS = YES;
				CLANG_WARN_DIRECT_OBJC_ISA_USAGE = YES_ERROR;
				CLANG_WARN_DOCUMENTATION_COMMENTS = YES;
				CLANG_WARN_EMPTY_BODY = YES;
				CLANG_WARN_ENUM_CONVERSION = YES;
				CLANG_WARN_INFINITE_RECURSION = YES;
				CLANG_WARN_INT_CONVERSION = YES;
				CLANG_WARN_NON_LITERAL_NULL_CONVERSION = YES;
				CLANG_WARN_OBJC_IMPLICIT_RETAIN_SELF = YES;
				CLANG_WARN_OBJC_LITERAL_CONVERSION = YES;
				CLANG_WARN_OBJC_ROOT_CLASS = YES_ERROR;
				CLANG_WARN_QUOTED_INCLUDE_IN_FRAMEWORK_HEADER = YES;
				CLANG_WARN_RANGE_LOOP_ANALYSIS = YES;
				CLANG_WARN_STRICT_PROTOTYPES = YES;
				CLANG_WARN_SUSPICIOUS_MOVE = YES;
				CLANG_WARN_UNGUARDED_AVAILABILITY = YES_AGGRESSIVE;
				CLANG_WARN_UNREACHABLE_CODE = YES;
				CLANG_WARN__DUPLICATE_METHOD_MATCH = YES;
				COPY_PHASE_STRIP = NO;
				DEBUG_INFORMATION_FORMAT = dwarf;
				ENABLE_STRICT_OBJC_MSGSEND = YES;
				ENABLE_TESTABILITY = YES;
				ENABLE_USER_SCRIPT_SANDBOXING = YES;
				GCC_C_LANGUAGE_STANDARD = gnu17;
				GCC_DYNAMIC_NO_PIC = NO;
				GCC_NO_COMMON_BLOCKS = YES;
				GCC_OPTIMIZATION_LEVEL = 0;
				GCC_PREPROCESSOR_DEFINITIONS = (
					"DEBUG=1",
					"$(inherited)",
				);
				GCC_WARN_64_TO_32_BIT_CONVERSION = YES;
				GCC_WARN_ABOUT_RETURN_TYPE = YES_ERROR;
				GCC_WARN_UNDECLARED_SELECTOR = YES;
				GCC_WARN_UNINITIALIZED_AUTOS = YES_AGGRESSIVE;
				GCC_WARN_UNUSED_FUNCTION = YES;
				GCC_WARN_UNUSED_VARIABLE = YES;
				IPHONEOS_DEPLOYMENT_TARGET = 17.2;
				LOCALIZATION_PREFERS_STRING_CATALOGS = YES;
				MTL_ENABLE_DEBUG_INFO = INCLUDE_SOURCE;
				MTL_FAST_MATH = YES;
				ONLY_ACTIVE_ARCH = YES;
				SDKROOT = iphoneos;
				SWIFT_ACTIVE_COMPILATION_CONDITIONS = "DEBUG $(inherited)";
				SWIFT_OPTIMIZATION_LEVEL = "-Onone";
			};
			name = Debug;
		};
		63E94E462B47F93700203A1A /* Release */ = {
			isa = XCBuildConfiguration;
			buildSettings = {
				ALWAYS_SEARCH_USER_PATHS = NO;
				ASSETCATALOG_COMPILER_GENERATE_SWIFT_ASSET_SYMBOL_EXTENSIONS = YES;
				CLANG_ANALYZER_NONNULL = YES;
				CLANG_ANALYZER_NUMBER_OBJECT_CONVERSION = YES_AGGRESSIVE;
				CLANG_CXX_LANGUAGE_STANDARD = "gnu++20";
				CLANG_ENABLE_MODULES = YES;
				CLANG_ENABLE_OBJC_ARC = YES;
				CLANG_ENABLE_OBJC_WEAK = YES;
				CLANG_WARN_BLOCK_CAPTURE_AUTORELEASING = YES;
				CLANG_WARN_BOOL_CONVERSION = YES;
				CLANG_WARN_COMMA = YES;
				CLANG_WARN_CONSTANT_CONVERSION = YES;
				CLANG_WARN_DEPRECATED_OBJC_IMPLEMENTATIONS = YES;
				CLANG_WARN_DIRECT_OBJC_ISA_USAGE = YES_ERROR;
				CLANG_WARN_DOCUMENTATION_COMMENTS = YES;
				CLANG_WARN_EMPTY_BODY = YES;
				CLANG_WARN_ENUM_CONVERSION = YES;
				CLANG_WARN_INFINITE_RECURSION = YES;
				CLANG_WARN_INT_CONVERSION = YES;
				CLANG_WARN_NON_LITERAL_NULL_CONVERSION = YES;
				CLANG_WARN_OBJC_IMPLICIT_RETAIN_SELF = YES;
				CLANG_WARN_OBJC_LITERAL_CONVERSION = YES;
				CLANG_WARN_OBJC_ROOT_CLASS = YES_ERROR;
				CLANG_WARN_QUOTED_INCLUDE_IN_FRAMEWORK_HEADER = YES;
				CLANG_WARN_RANGE_LOOP_ANALYSIS = YES;
				CLANG_WARN_STRICT_PROTOTYPES = YES;
				CLANG_WARN_SUSPICIOUS_MOVE = YES;
				CLANG_WARN_UNGUARDED_AVAILABILITY = YES_AGGRESSIVE;
				CLANG_WARN_UNREACHABLE_CODE = YES;
				CLANG_WARN__DUPLICATE_METHOD_MATCH = YES;
				COPY_PHASE_STRIP = NO;
				DEBUG_INFORMATION_FORMAT = "dwarf-with-dsym";
				ENABLE_NS_ASSERTIONS = NO;
				ENABLE_STRICT_OBJC_MSGSEND = YES;
				ENABLE_USER_SCRIPT_SANDBOXING = YES;
				GCC_C_LANGUAGE_STANDARD = gnu17;
				GCC_NO_COMMON_BLOCKS = YES;
				GCC_WARN_64_TO_32_BIT_CONVERSION = YES;
				GCC_WARN_ABOUT_RETURN_TYPE = YES_ERROR;
				GCC_WARN_UNDECLARED_SELECTOR = YES;
				GCC_WARN_UNINITIALIZED_AUTOS = YES_AGGRESSIVE;
				GCC_WARN_UNUSED_FUNCTION = YES;
				GCC_WARN_UNUSED_VARIABLE = YES;
				IPHONEOS_DEPLOYMENT_TARGET = 17.2;
				LOCALIZATION_PREFERS_STRING_CATALOGS = YES;
				MTL_ENABLE_DEBUG_INFO = NO;
				MTL_FAST_MATH = YES;
				SDKROOT = iphoneos;
				SWIFT_COMPILATION_MODE = wholemodule;
				VALIDATE_PRODUCT = YES;
			};
			name = Release;
		};
		63E94E482B47F93700203A1A /* Debug */ = {
			isa = XCBuildConfiguration;
			buildSettings = {
				ASSETCATALOG_COMPILER_APPICON_NAME = AppIcon;
				ASSETCATALOG_COMPILER_GLOBAL_ACCENT_COLOR_NAME = AccentColor;
				CODE_SIGN_STYLE = Automatic;
				CURRENT_PROJECT_VERSION = 1;
				DEVELOPMENT_TEAM = JQSUXNGVC5;
				GENERATE_INFOPLIST_FILE = YES;
				INFOPLIST_FILE = NotificationApp/Info.plist;
				INFOPLIST_KEY_UIApplicationSupportsIndirectInputEvents = YES;
				INFOPLIST_KEY_UILaunchStoryboardName = LaunchScreen;
				INFOPLIST_KEY_UIMainStoryboardFile = Main;
				INFOPLIST_KEY_UISupportedInterfaceOrientations_iPad = "UIInterfaceOrientationPortrait UIInterfaceOrientationPortraitUpsideDown UIInterfaceOrientationLandscapeLeft UIInterfaceOrientationLandscapeRight";
				INFOPLIST_KEY_UISupportedInterfaceOrientations_iPhone = "UIInterfaceOrientationPortrait UIInterfaceOrientationLandscapeLeft UIInterfaceOrientationLandscapeRight";
				IPHONEOS_DEPLOYMENT_TARGET = 15.0;
				LD_RUNPATH_SEARCH_PATHS = (
					"$(inherited)",
					"@executable_path/Frameworks",
				);
				MARKETING_VERSION = 1.0;
				PRODUCT_BUNDLE_IDENTIFIER = EugeneZabrodski.NotificationApp;
				PRODUCT_NAME = "$(TARGET_NAME)";
				SUPPORTED_PLATFORMS = "iphoneos iphonesimulator";
				SUPPORTS_MACCATALYST = NO;
				SUPPORTS_MAC_DESIGNED_FOR_IPHONE_IPAD = NO;
				SWIFT_EMIT_LOC_STRINGS = YES;
				SWIFT_VERSION = 5.0;
				TARGETED_DEVICE_FAMILY = 1;
			};
			name = Debug;
		};
		63E94E492B47F93700203A1A /* Release */ = {
			isa = XCBuildConfiguration;
			buildSettings = {
				ASSETCATALOG_COMPILER_APPICON_NAME = AppIcon;
				ASSETCATALOG_COMPILER_GLOBAL_ACCENT_COLOR_NAME = AccentColor;
				CODE_SIGN_STYLE = Automatic;
				CURRENT_PROJECT_VERSION = 1;
				DEVELOPMENT_TEAM = JQSUXNGVC5;
				GENERATE_INFOPLIST_FILE = YES;
				INFOPLIST_FILE = NotificationApp/Info.plist;
				INFOPLIST_KEY_UIApplicationSupportsIndirectInputEvents = YES;
				INFOPLIST_KEY_UILaunchStoryboardName = LaunchScreen;
				INFOPLIST_KEY_UIMainStoryboardFile = Main;
				INFOPLIST_KEY_UISupportedInterfaceOrientations_iPad = "UIInterfaceOrientationPortrait UIInterfaceOrientationPortraitUpsideDown UIInterfaceOrientationLandscapeLeft UIInterfaceOrientationLandscapeRight";
				INFOPLIST_KEY_UISupportedInterfaceOrientations_iPhone = "UIInterfaceOrientationPortrait UIInterfaceOrientationLandscapeLeft UIInterfaceOrientationLandscapeRight";
				IPHONEOS_DEPLOYMENT_TARGET = 15.0;
				LD_RUNPATH_SEARCH_PATHS = (
					"$(inherited)",
					"@executable_path/Frameworks",
				);
				MARKETING_VERSION = 1.0;
				PRODUCT_BUNDLE_IDENTIFIER = EugeneZabrodski.NotificationApp;
				PRODUCT_NAME = "$(TARGET_NAME)";
				SUPPORTED_PLATFORMS = "iphoneos iphonesimulator";
				SUPPORTS_MACCATALYST = NO;
				SUPPORTS_MAC_DESIGNED_FOR_IPHONE_IPAD = NO;
				SWIFT_EMIT_LOC_STRINGS = YES;
				SWIFT_VERSION = 5.0;
				TARGETED_DEVICE_FAMILY = 1;
			};
			name = Release;
		};
/* End XCBuildConfiguration section */

/* Begin XCConfigurationList section */
		63E94E2E2B47F93500203A1A /* Build configuration list for PBXProject "NotificationApp" */ = {
			isa = XCConfigurationList;
			buildConfigurations = (
				63E94E452B47F93700203A1A /* Debug */,
				63E94E462B47F93700203A1A /* Release */,
			);
			defaultConfigurationIsVisible = 0;
			defaultConfigurationName = Release;
		};
		63E94E472B47F93700203A1A /* Build configuration list for PBXNativeTarget "NotificationApp" */ = {
			isa = XCConfigurationList;
			buildConfigurations = (
				63E94E482B47F93700203A1A /* Debug */,
				63E94E492B47F93700203A1A /* Release */,
			);
			defaultConfigurationIsVisible = 0;
			defaultConfigurationName = Release;
		};
/* End XCConfigurationList section */

/* Begin XCRemoteSwiftPackageReference section */
		63E94E562B481A9D00203A1A /* XCRemoteSwiftPackageReference "firebase-ios-sdk" */ = {
			isa = XCRemoteSwiftPackageReference;
			repositoryURL = "https://github.com/firebase/firebase-ios-sdk";
			requirement = {
				kind = upToNextMajorVersion;
				minimumVersion = 10.19.1;
			};
		};
/* End XCRemoteSwiftPackageReference section */

/* Begin XCSwiftPackageProductDependency section */
		63E94E572B481A9D00203A1A /* FirebaseAnalytics */ = {
			isa = XCSwiftPackageProductDependency;
			package = 63E94E562B481A9D00203A1A /* XCRemoteSwiftPackageReference "firebase-ios-sdk" */;
			productName = FirebaseAnalytics;
		};
		63E94E592B481A9D00203A1A /* FirebaseAnalyticsOnDeviceConversion */ = {
			isa = XCSwiftPackageProductDependency;
			package = 63E94E562B481A9D00203A1A /* XCRemoteSwiftPackageReference "firebase-ios-sdk" */;
			productName = FirebaseAnalyticsOnDeviceConversion;
		};
		63E94E5B2B481A9D00203A1A /* FirebaseAnalyticsSwift */ = {
			isa = XCSwiftPackageProductDependency;
			package = 63E94E562B481A9D00203A1A /* XCRemoteSwiftPackageReference "firebase-ios-sdk" */;
			productName = FirebaseAnalyticsSwift;
		};
		63E94E5D2B481A9D00203A1A /* FirebaseAnalyticsWithoutAdIdSupport */ = {
			isa = XCSwiftPackageProductDependency;
			package = 63E94E562B481A9D00203A1A /* XCRemoteSwiftPackageReference "firebase-ios-sdk" */;
			productName = FirebaseAnalyticsWithoutAdIdSupport;
		};
		63E94E5F2B481A9D00203A1A /* FirebaseAppCheck */ = {
			isa = XCSwiftPackageProductDependency;
			package = 63E94E562B481A9D00203A1A /* XCRemoteSwiftPackageReference "firebase-ios-sdk" */;
			productName = FirebaseAppCheck;
		};
		63E94E612B481A9D00203A1A /* FirebaseAppDistribution-Beta */ = {
			isa = XCSwiftPackageProductDependency;
			package = 63E94E562B481A9D00203A1A /* XCRemoteSwiftPackageReference "firebase-ios-sdk" */;
			productName = "FirebaseAppDistribution-Beta";
		};
		63E94E632B481A9D00203A1A /* FirebaseAuth */ = {
			isa = XCSwiftPackageProductDependency;
			package = 63E94E562B481A9D00203A1A /* XCRemoteSwiftPackageReference "firebase-ios-sdk" */;
			productName = FirebaseAuth;
		};
		63E94E652B481A9D00203A1A /* FirebaseAuthCombine-Community */ = {
			isa = XCSwiftPackageProductDependency;
			package = 63E94E562B481A9D00203A1A /* XCRemoteSwiftPackageReference "firebase-ios-sdk" */;
			productName = "FirebaseAuthCombine-Community";
		};
		63E94E672B481A9D00203A1A /* FirebaseCrashlytics */ = {
			isa = XCSwiftPackageProductDependency;
			package = 63E94E562B481A9D00203A1A /* XCRemoteSwiftPackageReference "firebase-ios-sdk" */;
			productName = FirebaseCrashlytics;
		};
		63E94E692B481A9D00203A1A /* FirebaseDatabase */ = {
			isa = XCSwiftPackageProductDependency;
			package = 63E94E562B481A9D00203A1A /* XCRemoteSwiftPackageReference "firebase-ios-sdk" */;
			productName = FirebaseDatabase;
		};
		63E94E6B2B481A9D00203A1A /* FirebaseDatabaseSwift */ = {
			isa = XCSwiftPackageProductDependency;
			package = 63E94E562B481A9D00203A1A /* XCRemoteSwiftPackageReference "firebase-ios-sdk" */;
			productName = FirebaseDatabaseSwift;
		};
		63E94E6D2B481A9D00203A1A /* FirebaseDynamicLinks */ = {
			isa = XCSwiftPackageProductDependency;
			package = 63E94E562B481A9D00203A1A /* XCRemoteSwiftPackageReference "firebase-ios-sdk" */;
			productName = FirebaseDynamicLinks;
		};
		63E94E6F2B481A9D00203A1A /* FirebaseFirestore */ = {
			isa = XCSwiftPackageProductDependency;
			package = 63E94E562B481A9D00203A1A /* XCRemoteSwiftPackageReference "firebase-ios-sdk" */;
			productName = FirebaseFirestore;
		};
		63E94E712B481A9D00203A1A /* FirebaseFirestoreCombine-Community */ = {
			isa = XCSwiftPackageProductDependency;
			package = 63E94E562B481A9D00203A1A /* XCRemoteSwiftPackageReference "firebase-ios-sdk" */;
			productName = "FirebaseFirestoreCombine-Community";
		};
		63E94E732B481A9D00203A1A /* FirebaseFirestoreSwift */ = {
			isa = XCSwiftPackageProductDependency;
			package = 63E94E562B481A9D00203A1A /* XCRemoteSwiftPackageReference "firebase-ios-sdk" */;
			productName = FirebaseFirestoreSwift;
		};
		63E94E752B481A9D00203A1A /* FirebaseFunctions */ = {
			isa = XCSwiftPackageProductDependency;
			package = 63E94E562B481A9D00203A1A /* XCRemoteSwiftPackageReference "firebase-ios-sdk" */;
			productName = FirebaseFunctions;
		};
		63E94E772B481A9D00203A1A /* FirebaseFunctionsCombine-Community */ = {
			isa = XCSwiftPackageProductDependency;
			package = 63E94E562B481A9D00203A1A /* XCRemoteSwiftPackageReference "firebase-ios-sdk" */;
			productName = "FirebaseFunctionsCombine-Community";
		};
		63E94E792B481A9D00203A1A /* FirebaseInAppMessaging-Beta */ = {
			isa = XCSwiftPackageProductDependency;
			package = 63E94E562B481A9D00203A1A /* XCRemoteSwiftPackageReference "firebase-ios-sdk" */;
			productName = "FirebaseInAppMessaging-Beta";
		};
		63E94E7B2B481A9D00203A1A /* FirebaseInAppMessagingSwift-Beta */ = {
			isa = XCSwiftPackageProductDependency;
			package = 63E94E562B481A9D00203A1A /* XCRemoteSwiftPackageReference "firebase-ios-sdk" */;
			productName = "FirebaseInAppMessagingSwift-Beta";
		};
		63E94E7D2B481A9D00203A1A /* FirebaseInstallations */ = {
			isa = XCSwiftPackageProductDependency;
			package = 63E94E562B481A9D00203A1A /* XCRemoteSwiftPackageReference "firebase-ios-sdk" */;
			productName = FirebaseInstallations;
		};
		63E94E7F2B481A9D00203A1A /* FirebaseMLModelDownloader */ = {
			isa = XCSwiftPackageProductDependency;
			package = 63E94E562B481A9D00203A1A /* XCRemoteSwiftPackageReference "firebase-ios-sdk" */;
			productName = FirebaseMLModelDownloader;
		};
		63E94E812B481A9D00203A1A /* FirebaseMessaging */ = {
			isa = XCSwiftPackageProductDependency;
			package = 63E94E562B481A9D00203A1A /* XCRemoteSwiftPackageReference "firebase-ios-sdk" */;
			productName = FirebaseMessaging;
		};
		63E94E832B481A9D00203A1A /* FirebasePerformance */ = {
			isa = XCSwiftPackageProductDependency;
			package = 63E94E562B481A9D00203A1A /* XCRemoteSwiftPackageReference "firebase-ios-sdk" */;
			productName = FirebasePerformance;
		};
		63E94E852B481A9D00203A1A /* FirebaseRemoteConfig */ = {
			isa = XCSwiftPackageProductDependency;
			package = 63E94E562B481A9D00203A1A /* XCRemoteSwiftPackageReference "firebase-ios-sdk" */;
			productName = FirebaseRemoteConfig;
		};
		63E94E872B481A9D00203A1A /* FirebaseRemoteConfigSwift */ = {
			isa = XCSwiftPackageProductDependency;
			package = 63E94E562B481A9D00203A1A /* XCRemoteSwiftPackageReference "firebase-ios-sdk" */;
			productName = FirebaseRemoteConfigSwift;
		};
		63E94E892B481A9D00203A1A /* FirebaseStorage */ = {
			isa = XCSwiftPackageProductDependency;
			package = 63E94E562B481A9D00203A1A /* XCRemoteSwiftPackageReference "firebase-ios-sdk" */;
			productName = FirebaseStorage;
		};
		63E94E8B2B481A9D00203A1A /* FirebaseStorageCombine-Community */ = {
			isa = XCSwiftPackageProductDependency;
			package = 63E94E562B481A9D00203A1A /* XCRemoteSwiftPackageReference "firebase-ios-sdk" */;
			productName = "FirebaseStorageCombine-Community";
		};
/* End XCSwiftPackageProductDependency section */
	};
	rootObject = 63E94E2B2B47F93500203A1A /* Project object */;
}
